<?xml version="1.0" encoding="utf-8"?>
<Project ToolsVersion="4.0" xmlns="http://schemas.microsoft.com/developer/msbuild/2003">
  <ItemGroup>
    <Filter Include="Dependencies">
      <UniqueIdentifier>{6C01343A-5864-C3DE-01EA-FB94ED2B8F61}</UniqueIdentifier>
    </Filter>
    <Filter Include="Dependencies\ImGui">
      <UniqueIdentifier>{96D70AF8-82BB-CB4D-EB1B-C6A0D71EB6CF}</UniqueIdentifier>
    </Filter>
    <Filter Include="Dependencies\ImGui\ImGui">
      <UniqueIdentifier>{4025380E-2C4A-878E-5595-6C1E411986AC}</UniqueIdentifier>
    </Filter>
    <Filter Include="Dependencies\ImGui\ImGui\backends">
      <UniqueIdentifier>{6A876B04-D6F5-C083-1FDF-7B838B8CB61F}</UniqueIdentifier>
    </Filter>
    <Filter Include="src">
      <UniqueIdentifier>{2DAB880B-99B4-887C-2230-9F7C8E38947C}</UniqueIdentifier>
    </Filter>
    <Filter Include="src\Engine">
      <UniqueIdentifier>{12A1320E-FE58-745B-6760-4DB753370F4C}</UniqueIdentifier>
    </Filter>
    <Filter Include="src\Engine\Core">
      <UniqueIdentifier>{AA407579-16CC-E23D-1FDD-65328BE73E3E}</UniqueIdentifier>
    </Filter>
    <Filter Include="src\Engine\Core\LayerStack">
      <UniqueIdentifier>{4C567BCB-3866-279C-A11F-8CBA8D4E1635}</UniqueIdentifier>
    </Filter>
    <Filter Include="src\Engine\Core\LayerStack\ImGui">
      <UniqueIdentifier>{76547699-62A5-61DB-8B09-509D77B9F444}</UniqueIdentifier>
    </Filter>
    <Filter Include="src\Engine\Events">
      <UniqueIdentifier>{B624EAB0-223B-E846-6BB2-7368D707B9CE}</UniqueIdentifier>
    </Filter>
    <Filter Include="src\Engine\Input">
      <UniqueIdentifier>{915689A8-7D4F-A8FA-A681-8D7F92D98706}</UniqueIdentifier>
    </Filter>
    <Filter Include="src\Platform">
      <UniqueIdentifier>{21CA02E5-0D2D-9289-B6B2-CA3FA2F45D0C}</UniqueIdentifier>
    </Filter>
    <Filter Include="src\Platform\OpenGL">
      <UniqueIdentifier>{35A49437-A105-7245-2A73-B8F796D3A804}</UniqueIdentifier>
    </Filter>
    <Filter Include="src\Platform\OpenGL\Window">
      <UniqueIdentifier>{7C43A173-6853-4D44-D10C-B262BD3B3CDD}</UniqueIdentifier>
    </Filter>
    <Filter Include="src\Renderer">
      <UniqueIdentifier>{73D1DFBF-5F34-6F64-08BA-A71AF4FB3AE7}</UniqueIdentifier>
    </Filter>
    <Filter Include="src\Scene">
      <UniqueIdentifier>{0A06D2B3-7670-862A-BFAE-37D02B58647F}</UniqueIdentifier>
    </Filter>
    <Filter Include="src\Scene\Components">
      <UniqueIdentifier>{DFD07067-CB5F-FA30-747E-0E2C60EC0AD7}</UniqueIdentifier>
    </Filter>
    <Filter Include="src\Scene\Systems">
      <UniqueIdentifier>{11C62E55-7DDC-2CEB-C653-B80C32A9FD72}</UniqueIdentifier>
    </Filter>
  </ItemGroup>
  <ItemGroup>
    <ClInclude Include="src\.hpp">
      <Filter>src</Filter>
    </ClInclude>
    <ClInclude Include="src\Engine.h">
      <Filter>src</Filter>
    </ClInclude>
    <ClInclude Include="src\Engine\Core\Application.h">
      <Filter>src\Engine\Core</Filter>
    </ClInclude>
    <ClInclude Include="src\Engine\Core\Core.h">
      <Filter>src\Engine\Core</Filter>
    </ClInclude>
    <ClInclude Include="src\Engine\Core\ENTRYPOINT.H">
      <Filter>src\Engine\Core</Filter>
    </ClInclude>
    <ClInclude Include="src\Engine\Core\LayerStack\ImGui\ImGuiLayer.h">
      <Filter>src\Engine\Core\LayerStack\ImGui</Filter>
    </ClInclude>
    <ClInclude Include="src\Engine\Core\LayerStack\Layer.h">
      <Filter>src\Engine\Core\LayerStack</Filter>
    </ClInclude>
    <ClInclude Include="src\Engine\Core\LayerStack\LayerStack.h">
      <Filter>src\Engine\Core\LayerStack</Filter>
    </ClInclude>
    <ClInclude Include="src\Engine\Core\Log.h">
      <Filter>src\Engine\Core</Filter>
    </ClInclude>
    <ClInclude Include="src\Engine\Core\Time.h">
      <Filter>src\Engine\Core</Filter>
    </ClInclude>
    <ClInclude Include="src\Engine\Events\ApplicationEvent.h">
      <Filter>src\Engine\Events</Filter>
    </ClInclude>
    <ClInclude Include="src\Engine\Events\Event.h">
      <Filter>src\Engine\Events</Filter>
    </ClInclude>
    <ClInclude Include="src\Engine\Events\KeyEvent.h">
      <Filter>src\Engine\Events</Filter>
    </ClInclude>
    <ClInclude Include="src\Engine\Events\MouseEvent.h">
      <Filter>src\Engine\Events</Filter>
    </ClInclude>
    <ClInclude Include="src\Engine\Input\Input.h">
      <Filter>src\Engine\Input</Filter>
    </ClInclude>
    <ClInclude Include="src\Engine\Input\KeyCode.h">
      <Filter>src\Engine\Input</Filter>
    </ClInclude>
    <ClInclude Include="src\Engine\Input\MouseCode.h">
      <Filter>src\Engine\Input</Filter>
    </ClInclude>
    <ClInclude Include="src\Platform\OpenGL\OpenGLBuffer.h">
      <Filter>src\Platform\OpenGL</Filter>
    </ClInclude>
    <ClInclude Include="src\Platform\OpenGL\OpenGLImGuiLayer.h">
      <Filter>src\Platform\OpenGL</Filter>
    </ClInclude>
    <ClInclude Include="src\Platform\OpenGL\OpenGLRendererAPI.h">
      <Filter>src\Platform\OpenGL</Filter>
    </ClInclude>
    <ClInclude Include="src\Platform\OpenGL\OpenGLVertexArray.h">
      <Filter>src\Platform\OpenGL</Filter>
    </ClInclude>
    <ClInclude Include="src\Platform\OpenGL\Window\Window.h">
      <Filter>src\Platform\OpenGL\Window</Filter>
    </ClInclude>
    <ClInclude Include="src\Platform\OpenGL\Window\WindowsInput.h">
      <Filter>src\Platform\OpenGL\Window</Filter>
    </ClInclude>
    <ClInclude Include="src\Renderer\Buffer.h">
      <Filter>src\Renderer</Filter>
    </ClInclude>
    <ClInclude Include="src\Renderer\Camera.h">
      <Filter>src\Renderer</Filter>
    </ClInclude>
    <ClInclude Include="src\Renderer\CameraController.h">
      <Filter>src\Renderer</Filter>
    </ClInclude>
    <ClInclude Include="src\Renderer\RenderCommand.h">
      <Filter>src\Renderer</Filter>
    </ClInclude>
    <ClInclude Include="src\Renderer\Renderer.h">
      <Filter>src\Renderer</Filter>
    </ClInclude>
    <ClInclude Include="src\Renderer\Renderer2D.h">
      <Filter>src\Renderer</Filter>
    </ClInclude>
    <ClInclude Include="src\Renderer\RendererAPI.h">
      <Filter>src\Renderer</Filter>
    </ClInclude>
    <ClInclude Include="src\Renderer\Shader.h">
      <Filter>src\Renderer</Filter>
    </ClInclude>
    <ClInclude Include="src\Renderer\Texture.h">
      <Filter>src\Renderer</Filter>
    </ClInclude>
    <ClInclude Include="src\Renderer\VertexArray.h">
      <Filter>src\Renderer</Filter>
    </ClInclude>
    <ClInclude Include="src\Scene\Components\CameraComponent.h">
      <Filter>src\Scene\Components</Filter>
    </ClInclude>
    <ClInclude Include="src\Scene\Components\ControlledComponent.h">
      <Filter>src\Scene\Components</Filter>
    </ClInclude>
    <ClInclude Include="src\Scene\Components\DragableComponent.h">
      <Filter>src\Scene\Components</Filter>
    </ClInclude>
    <ClInclude Include="src\Scene\Components\EnemyComponent.h">
      <Filter>src\Scene\Components</Filter>
    </ClInclude>
    <ClInclude Include="src\Scene\Components\PlayerComponent.h">
      <Filter>src\Scene\Components</Filter>
    </ClInclude>
    <ClInclude Include="src\Scene\Components\SpriteRendererComponent.h">
      <Filter>src\Scene\Components</Filter>
    </ClInclude>
    <ClInclude Include="src\Scene\Components\TagComponent.h">
      <Filter>src\Scene\Components</Filter>
    </ClInclude>
    <ClInclude Include="src\Scene\Components\TransformComponent.h">
      <Filter>src\Scene\Components</Filter>
    </ClInclude>
    <ClInclude Include="src\Scene\Components\VelocityComponent.h">
      <Filter>src\Scene\Components</Filter>
    </ClInclude>
    <ClInclude Include="src\Scene\Entity.h">
      <Filter>src\Scene</Filter>
    </ClInclude>
    <ClInclude Include="src\Scene\Scene.h">
      <Filter>src\Scene</Filter>
    </ClInclude>
    <ClInclude Include="src\Scene\SceneSerializer.h">
      <Filter>src\Scene</Filter>
    </ClInclude>
    <ClInclude Include="src\Scene\Systems\CollisionSystem.h">
      <Filter>src\Scene\Systems</Filter>
    </ClInclude>
    <ClInclude Include="src\Scene\Systems\DragSystem.h">
      <Filter>src\Scene\Systems</Filter>
    </ClInclude>
    <ClInclude Include="src\Scene\Systems\EnemyAISystem.h">
      <Filter>src\Scene\Systems</Filter>
    </ClInclude>
    <ClInclude Include="src\Scene\Systems\InputSystem.h">
      <Filter>src\Scene\Systems</Filter>
    </ClInclude>
    <ClInclude Include="src\Scene\Systems\MovementSystem.h">
      <Filter>src\Scene\Systems</Filter>
    </ClInclude>
    <ClInclude Include="src\enpch.h">
      <Filter>src</Filter>
    </ClInclude>
  </ItemGroup>
  <ItemGroup>
    <ClCompile Include="Dependencies\ImGui\ImGui\backends\imgui_impl_glfw.cpp">
      <Filter>Dependencies\ImGui\ImGui\backends</Filter>
    </ClCompile>
    <ClCompile Include="Dependencies\ImGui\ImGui\backends\imgui_impl_opengl3.cpp">
      <Filter>Dependencies\ImGui\ImGui\backends</Filter>
    </ClCompile>
    <ClCompile Include="Dependencies\ImGui\ImGui\imgui.cpp">
      <Filter>Dependencies\ImGui\ImGui</Filter>
    </ClCompile>
    <ClCompile Include="Dependencies\ImGui\ImGui\imgui_demo.cpp">
      <Filter>Dependencies\ImGui\ImGui</Filter>
    </ClCompile>
    <ClCompile Include="Dependencies\ImGui\ImGui\imgui_draw.cpp">
      <Filter>Dependencies\ImGui\ImGui</Filter>
    </ClCompile>
    <ClCompile Include="Dependencies\ImGui\ImGui\imgui_tables.cpp">
      <Filter>Dependencies\ImGui\ImGui</Filter>
    </ClCompile>
    <ClCompile Include="Dependencies\ImGui\ImGui\imgui_widgets.cpp">
      <Filter>Dependencies\ImGui\ImGui</Filter>
    </ClCompile>
    <ClCompile Include="src\Engine\Core\Application.cpp">
      <Filter>src\Engine\Core</Filter>
    </ClCompile>
    <ClCompile Include="src\Engine\Core\LayerStack\ImGui\ImGuiLayer.cpp">
      <Filter>src\Engine\Core\LayerStack\ImGui</Filter>
    </ClCompile>
    <ClCompile Include="src\Engine\Core\LayerStack\LayerStack.cpp">
      <Filter>src\Engine\Core\LayerStack</Filter>
    </ClCompile>
    <ClCompile Include="src\Engine\Core\Log.cpp">
      <Filter>src\Engine\Core</Filter>
    </ClCompile>
    <ClCompile Include="src\Engine\Core\Time.cpp">
      <Filter>src\Engine\Core</Filter>
    </ClCompile>
    <ClCompile Include="src\Platform\OpenGL\OpenGLBuffer.cpp">
      <Filter>src\Platform\OpenGL</Filter>
    </ClCompile>
    <ClCompile Include="src\Platform\OpenGL\OpenGLImGuiLayer.cpp">
      <Filter>src\Platform\OpenGL</Filter>
    </ClCompile>
    <ClCompile Include="src\Platform\OpenGL\OpenGLRendererAPI.cpp">
      <Filter>src\Platform\OpenGL</Filter>
    </ClCompile>
    <ClCompile Include="src\Platform\OpenGL\OpenGLVertexArray.cpp">
      <Filter>src\Platform\OpenGL</Filter>
    </ClCompile>
    <ClCompile Include="src\Platform\OpenGL\Window\Window.cpp">
      <Filter>src\Platform\OpenGL\Window</Filter>
    </ClCompile>
    <ClCompile Include="src\Platform\OpenGL\Window\WindowsInput.cpp">
      <Filter>src\Platform\OpenGL\Window</Filter>
    </ClCompile>
    <ClCompile Include="src\Renderer\Buffer.cpp">
      <Filter>src\Renderer</Filter>
    </ClCompile>
    <ClCompile Include="src\Renderer\Camera.cpp">
      <Filter>src\Renderer</Filter>
    </ClCompile>
    <ClCompile Include="src\Renderer\CameraController.cpp">
      <Filter>src\Renderer</Filter>
    </ClCompile>
    <ClCompile Include="src\Renderer\RenderCommand.cpp">
      <Filter>src\Renderer</Filter>
    </ClCompile>
    <ClCompile Include="src\Renderer\Renderer.cpp">
      <Filter>src\Renderer</Filter>
    </ClCompile>
    <ClCompile Include="src\Renderer\Renderer2D.cpp">
      <Filter>src\Renderer</Filter>
    </ClCompile>
    <ClCompile Include="src\Renderer\RendererAPI.cpp">
      <Filter>src\Renderer</Filter>
    </ClCompile>
    <ClCompile Include="src\Renderer\Shader.cpp">
      <Filter>src\Renderer</Filter>
    </ClCompile>
    <ClCompile Include="src\Renderer\Texture.cpp">
      <Filter>src\Renderer</Filter>
    </ClCompile>
    <ClCompile Include="src\Renderer\VertexArray.cpp">
      <Filter>src\Renderer</Filter>
    </ClCompile>
    <ClCompile Include="src\Scene\Entity.cpp">
      <Filter>src\Scene</Filter>
    </ClCompile>
    <ClCompile Include="src\Scene\Scene.cpp">
      <Filter>src\Scene</Filter>
    </ClCompile>
    <ClCompile Include="src\Scene\SceneSerializer.cpp">
      <Filter>src\Scene</Filter>
    </ClCompile>
    <ClCompile Include="src\Scene\Systems\CollisionSystem.cpp">
      <Filter>src\Scene\Systems</Filter>
    </ClCompile>
    <ClCompile Include="src\Scene\Systems\DragSystem.cpp">
      <Filter>src\Scene\Systems</Filter>
    </ClCompile>
    <ClCompile Include="src\Scene\Systems\EnemyAISystem.cpp">
      <Filter>src\Scene\Systems</Filter>
    </ClCompile>
    <ClCompile Include="src\Scene\Systems\InputSystem.cpp">
      <Filter>src\Scene\Systems</Filter>
    </ClCompile>
    <ClCompile Include="src\Scene\Systems\MovementSystem.cpp">
      <Filter>src\Scene\Systems</Filter>
    </ClCompile>
    <ClCompile Include="src\enpch.cpp">
      <Filter>src</Filter>
    </ClCompile>
  </ItemGroup>
</Project>