<?xml version="1.0" encoding="utf-8"?>
<Project ToolsVersion="4.0" xmlns="http://schemas.microsoft.com/developer/msbuild/2003">
  <ItemGroup>
    <Filter Include="Engine">
      <UniqueIdentifier>{DBC7D3B0-C769-FE86-B024-12DB9C6585D7}</UniqueIdentifier>
    </Filter>
    <Filter Include="Engine\Core">
      <UniqueIdentifier>{130D9B61-7FC2-1357-08B7-0D2E746B0A5B}</UniqueIdentifier>
    </Filter>
    <Filter Include="Engine\Events">
      <UniqueIdentifier>{5FAFB439-CB6F-3070-94AA-79ED002A754C}</UniqueIdentifier>
    </Filter>
    <Filter Include="Engine\Input">
      <UniqueIdentifier>{1AB06895-0613-F839-AF98-30F09BDAC3BC}</UniqueIdentifier>
    </Filter>
    <Filter Include="Platform">
      <UniqueIdentifier>{2AC788B4-1694-E3BF-3FAD-D1672BD9184E}</UniqueIdentifier>
    </Filter>
    <Filter Include="Platform\Window">
      <UniqueIdentifier>{D1E05B2F-3D6C-C9F3-467D-4CE8B28725F4}</UniqueIdentifier>
    </Filter>
    <Filter Include="Renderer">
      <UniqueIdentifier>{7CCE658F-689B-C09A-91B4-AE427DE0F528}</UniqueIdentifier>
    </Filter>
  </ItemGroup>
  <ItemGroup>
    <ClInclude Include="src\Engine.h" />
    <ClInclude Include="src\Engine\Core\Application.h">
      <Filter>Engine\Core</Filter>
    </ClInclude>
    <ClInclude Include="src\Engine\Core\Core.h">
      <Filter>Engine\Core</Filter>
    </ClInclude>
    <ClInclude Include="src\Engine\Core\ENTRYPOINT.H">
      <Filter>Engine\Core</Filter>
    </ClInclude>
    <ClInclude Include="src\Engine\Core\Layer.h">
      <Filter>Engine\Core</Filter>
    </ClInclude>
    <ClInclude Include="src\Engine\Core\LayerStack.h">
      <Filter>Engine\Core</Filter>
    </ClInclude>
    <ClInclude Include="src\Engine\Core\Log.h">
      <Filter>Engine\Core</Filter>
    </ClInclude>
    <ClInclude Include="src\Engine\Core\Time.h">
      <Filter>Engine\Core</Filter>
    </ClInclude>
    <ClInclude Include="src\Engine\Events\ApplicationEvent.h">
      <Filter>Engine\Events</Filter>
    </ClInclude>
    <ClInclude Include="src\Engine\Events\Event.h">
      <Filter>Engine\Events</Filter>
    </ClInclude>
    <ClInclude Include="src\Engine\Events\KeyEvent.h">
      <Filter>Engine\Events</Filter>
    </ClInclude>
    <ClInclude Include="src\Engine\Events\MouseEvent.h">
      <Filter>Engine\Events</Filter>
    </ClInclude>
    <ClInclude Include="src\Engine\Input\Input.h">
      <Filter>Engine\Input</Filter>
    </ClInclude>
    <ClInclude Include="src\Engine\Input\KeyCode.h">
      <Filter>Engine\Input</Filter>
    </ClInclude>
    <ClInclude Include="src\Engine\Input\MouseCode.h">
      <Filter>Engine\Input</Filter>
    </ClInclude>
    <ClInclude Include="src\Platform\OpenGL\Window\Window.h">
      <Filter>Platform\Window</Filter>
    </ClInclude>
    <ClInclude Include="src\Platform\OpenGL\Window\WindowsInput.h">
      <Filter>Platform\Window</Filter>
    </ClInclude>
    <ClInclude Include="src\Renderer\Shader.h">
      <Filter>Renderer</Filter>
    </ClInclude>
    <ClInclude Include="src\enpch.h" />
    <ClInclude Include="src\Renderer\RendererAPI.h" />
    <ClInclude Include="src\Platform\OpenGL\OpenGLRendererAPI.h" />
    <ClInclude Include="src\Renderer\RenderCommand.h" />
    <ClInclude Include="src\Platform\OpenGL\OpenGLBuffer.h" />
    <ClInclude Include="src\Renderer\Buffer.h" />
    <ClInclude Include="src\Renderer\VertexArray.h" />
    <ClInclude Include="src\Platform\OpenGL\OpenGLVertexArray.h" />
    <ClInclude Include="src\Renderer\Camera.h" />
<<<<<<< HEAD
    <ClInclude Include="src\Renderer\CameraController.h" />
=======
>>>>>>> 6cd911df5498deef757be6574883a57cc62c178c
  </ItemGroup>
  <ItemGroup>
    <ClCompile Include="src\Engine\Core\Application.cpp">
      <Filter>Engine\Core</Filter>
    </ClCompile>
    <ClCompile Include="src\Engine\Core\LayerStack.cpp">
      <Filter>Engine\Core</Filter>
    </ClCompile>
    <ClCompile Include="src\Engine\Core\Log.cpp">
      <Filter>Engine\Core</Filter>
    </ClCompile>
    <ClCompile Include="src\Engine\Core\Time.cpp">
      <Filter>Engine\Core</Filter>
    </ClCompile>
    <ClCompile Include="src\Platform\OpenGL\Window\Window.cpp">
      <Filter>Platform\Window</Filter>
    </ClCompile>
    <ClCompile Include="src\Platform\OpenGL\Window\WindowsInput.cpp">
      <Filter>Platform\Window</Filter>
    </ClCompile>
    <ClCompile Include="src\Renderer\Shader.cpp">
      <Filter>Renderer</Filter>
    </ClCompile>
    <ClCompile Include="src\enpch.cpp" />
    <ClCompile Include="src\Platform\OpenGL\OpenGLRendererAPI.cpp" />
    <ClCompile Include="src\Renderer\RenderCommand.cpp" />
    <ClCompile Include="src\Renderer\RendererAPI.cpp" />
    <ClCompile Include="src\Platform\OpenGL\OpenGLBuffer.cpp" />
    <ClCompile Include="src\Renderer\Buffer.cpp" />
    <ClCompile Include="src\Renderer\VertexArray.cpp" />
    <ClCompile Include="src\Platform\OpenGL\OpenGLVertexArray.cpp" />
    <ClCompile Include="src\Renderer\Camera.cpp" />
<<<<<<< HEAD
    <ClCompile Include="src\Renderer\CameraController.cpp" />
=======
>>>>>>> 6cd911df5498deef757be6574883a57cc62c178c
  </ItemGroup>
</Project>