<?xml version="1.0" encoding="utf-8"?>
<Project ToolsVersion="4.0" xmlns="http://schemas.microsoft.com/developer/msbuild/2003">
  <ItemGroup>
    <Filter Include="Engine">
      <UniqueIdentifier>{DBC7D3B0-C769-FE86-B024-12DB9C6585D7}</UniqueIdentifier>
    </Filter>
    <Filter Include="Engine\Core">
      <UniqueIdentifier>{130D9B61-7FC2-1357-08B7-0D2E746B0A5B}</UniqueIdentifier>
    </Filter>
    <Filter Include="Engine\Core\LayerStack">
      <UniqueIdentifier>{15EFBA34-01E9-E386-EA55-7A97D6EE49F3}</UniqueIdentifier>
    </Filter>
    <Filter Include="Engine\Core\LayerStack\Editor">
      <UniqueIdentifier>{ABC2D000-17DB-B72A-E087-47C44C5F4CC4}</UniqueIdentifier>
    </Filter>
    <Filter Include="Engine\Core\LayerStack\ImGui">
      <UniqueIdentifier>{FF9F81BA-EB5A-7166-9412-EAB080ACBBF6}</UniqueIdentifier>
    </Filter>
    <Filter Include="Engine\Events">
      <UniqueIdentifier>{5FAFB439-CB6F-3070-94AA-79ED002A754C}</UniqueIdentifier>
    </Filter>
    <Filter Include="Engine\Input">
      <UniqueIdentifier>{1AB06895-0613-F839-AF98-30F09BDAC3BC}</UniqueIdentifier>
    </Filter>
    <Filter Include="Platform">
      <UniqueIdentifier>{2AC788B4-1694-E3BF-3FAD-D1672BD9184E}</UniqueIdentifier>
    </Filter>
    <Filter Include="Platform\OpenGL">
      <UniqueIdentifier>{1E7D2C1D-8A08-9AE1-9319-1DD6FF23F6E1}</UniqueIdentifier>
    </Filter>
    <Filter Include="Platform\OpenGL\Window">
      <UniqueIdentifier>{45DCE0DC-31D6-092F-1A43-A03F06DC6F9B}</UniqueIdentifier>
    </Filter>
    <Filter Include="Renderer">
      <UniqueIdentifier>{7CCE658F-689B-C09A-91B4-AE427DE0F528}</UniqueIdentifier>
    </Filter>
    <Filter Include="Scene">
      <UniqueIdentifier>{B3F7140E-1F0C-3DBF-E88D-E01E546139F0}</UniqueIdentifier>
    </Filter>
    <Filter Include="Scene\Components">
      <UniqueIdentifier>{E8C60300-D4BF-2252-FDF1-07D7E949025E}</UniqueIdentifier>
    </Filter>
    <Filter Include="Scene\Systems">
      <UniqueIdentifier>{BA50F9DD-2611-7514-EF4B-BE915BCBB9F0}</UniqueIdentifier>
    </Filter>
  </ItemGroup>
  <ItemGroup>
    <ClInclude Include="src\.hpp" />
    <ClInclude Include="src\Engine.h" />
    <ClInclude Include="src\Engine\Core\Application.h">
      <Filter>Engine\Core</Filter>
    </ClInclude>
    <ClInclude Include="src\Engine\Core\Core.h">
      <Filter>Engine\Core</Filter>
    </ClInclude>
    <ClInclude Include="src\Engine\Core\ENTRYPOINT.H">
      <Filter>Engine\Core</Filter>
    </ClInclude>
    <ClInclude Include="src\Engine\Core\LayerStack\Editor\EditorLayer.h">
      <Filter>Engine\Core\LayerStack\Editor</Filter>
    </ClInclude>
    <ClInclude Include="src\Engine\Core\LayerStack\ImGui\ImGuiLayer.h">
      <Filter>Engine\Core\LayerStack\ImGui</Filter>
    </ClInclude>
    <ClInclude Include="src\Engine\Core\LayerStack\Layer.h">
      <Filter>Engine\Core\LayerStack</Filter>
    </ClInclude>
    <ClInclude Include="src\Engine\Core\LayerStack\LayerStack.h">
      <Filter>Engine\Core\LayerStack</Filter>
    </ClInclude>
    <ClInclude Include="src\Engine\Core\Log.h">
      <Filter>Engine\Core</Filter>
    </ClInclude>
    <ClInclude Include="src\Engine\Core\Time.h">
      <Filter>Engine\Core</Filter>
    </ClInclude>
    <ClInclude Include="src\Engine\Events\ApplicationEvent.h">
      <Filter>Engine\Events</Filter>
    </ClInclude>
    <ClInclude Include="src\Engine\Events\Event.h">
      <Filter>Engine\Events</Filter>
    </ClInclude>
    <ClInclude Include="src\Engine\Events\KeyEvent.h">
      <Filter>Engine\Events</Filter>
    </ClInclude>
    <ClInclude Include="src\Engine\Events\MouseEvent.h">
      <Filter>Engine\Events</Filter>
    </ClInclude>
    <ClInclude Include="src\Engine\Input\Input.h">
      <Filter>Engine\Input</Filter>
    </ClInclude>
    <ClInclude Include="src\Engine\Input\KeyCode.h">
      <Filter>Engine\Input</Filter>
    </ClInclude>
    <ClInclude Include="src\Engine\Input\MouseCode.h">
      <Filter>Engine\Input</Filter>
    </ClInclude>
    <ClInclude Include="src\Platform\OpenGL\OpenGLBuffer.h">
      <Filter>Platform\OpenGL</Filter>
    </ClInclude>
    <ClInclude Include="src\Platform\OpenGL\OpenGLRendererAPI.h">
      <Filter>Platform\OpenGL</Filter>
    </ClInclude>
    <ClInclude Include="src\Platform\OpenGL\OpenGLVertexArray.h">
      <Filter>Platform\OpenGL</Filter>
    </ClInclude>
    <ClInclude Include="src\Platform\OpenGL\Window\Window.h">
      <Filter>Platform\OpenGL\Window</Filter>
    </ClInclude>
    <ClInclude Include="src\Platform\OpenGL\Window\WindowsInput.h">
      <Filter>Platform\OpenGL\Window</Filter>
    </ClInclude>
    <ClInclude Include="src\Renderer\Buffer.h">
      <Filter>Renderer</Filter>
    </ClInclude>
    <ClInclude Include="src\Renderer\Camera.h">
      <Filter>Renderer</Filter>
    </ClInclude>
    <ClInclude Include="src\Renderer\CameraController.h">
      <Filter>Renderer</Filter>
    </ClInclude>
    <ClInclude Include="src\Renderer\RenderCommand.h">
      <Filter>Renderer</Filter>
    </ClInclude>
    <ClInclude Include="src\Renderer\Renderer.h">
      <Filter>Renderer</Filter>
    </ClInclude>
    <ClInclude Include="src\Renderer\Renderer2D.h">
      <Filter>Renderer</Filter>
    </ClInclude>
    <ClInclude Include="src\Renderer\RendererAPI.h">
      <Filter>Renderer</Filter>
    </ClInclude>
    <ClInclude Include="src\Renderer\Shader.h">
      <Filter>Renderer</Filter>
    </ClInclude>
    <ClInclude Include="src\Renderer\Texture.h">
      <Filter>Renderer</Filter>
    </ClInclude>
    <ClInclude Include="src\Renderer\VertexArray.h">
      <Filter>Renderer</Filter>
    </ClInclude>
    <ClInclude Include="src\Scene\Components\CameraComponent.h">
      <Filter>Scene\Components</Filter>
    </ClInclude>
    <ClInclude Include="src\Scene\Components\ControlledComponent.h">
      <Filter>Scene\Components</Filter>
    </ClInclude>
    <ClInclude Include="src\Scene\Components\DragableComponent.h">
      <Filter>Scene\Components</Filter>
    </ClInclude>
    <ClInclude Include="src\Scene\Components\EnemyComponent.h">
      <Filter>Scene\Components</Filter>
    </ClInclude>
    <ClInclude Include="src\Scene\Components\PlayerComponent.h">
      <Filter>Scene\Components</Filter>
    </ClInclude>
    <ClInclude Include="src\Scene\Components\SpriteRendererComponent.h">
      <Filter>Scene\Components</Filter>
    </ClInclude>
    <ClInclude Include="src\Scene\Components\TransformComponent.h">
      <Filter>Scene\Components</Filter>
    </ClInclude>
    <ClInclude Include="src\Scene\Components\VelocityComponent.h">
      <Filter>Scene\Components</Filter>
    </ClInclude>
    <ClInclude Include="src\Scene\Entity.h">
      <Filter>Scene</Filter>
    </ClInclude>
    <ClInclude Include="src\Scene\Scene.h">
      <Filter>Scene</Filter>
    </ClInclude>
    <ClInclude Include="src\Scene\SceneSerializer.h">
      <Filter>Scene</Filter>
    </ClInclude>
    <ClInclude Include="src\Scene\Systems\CollisionSystem.h">
      <Filter>Scene\Systems</Filter>
    </ClInclude>
    <ClInclude Include="src\Scene\Systems\DragSystem.h">
      <Filter>Scene\Systems</Filter>
    </ClInclude>
    <ClInclude Include="src\Scene\Systems\EnemyAISystem.h">
      <Filter>Scene\Systems</Filter>
    </ClInclude>
    <ClInclude Include="src\Scene\Systems\InputSystem.h">
      <Filter>Scene\Systems</Filter>
    </ClInclude>
    <ClInclude Include="src\Scene\Systems\MovementSystem.h">
      <Filter>Scene\Systems</Filter>
    </ClInclude>
    <ClInclude Include="src\enpch.h" />
    <ClInclude Include="src\Platform\OpenGL\OpenGLImGuiLayer.h" />
    <ClInclude Include="Dependencies\ImGui\ImGui\imconfig.h" />
    <ClInclude Include="Dependencies\ImGui\ImGui\imgui.h" />
    <ClInclude Include="Dependencies\ImGui\ImGui\imgui_internal.h" />
    <ClInclude Include="Dependencies\ImGui\ImGui\backends\imgui_impl_glfw.h" />
    <ClInclude Include="Dependencies\ImGui\ImGui\backends\imgui_impl_opengl3.h" />
    <ClInclude Include="Dependencies\ImGui\ImGui\backends\imgui_impl_opengl3_loader.h" />
  </ItemGroup>
  <ItemGroup>
    <ClCompile Include="src\Engine\Core\Application.cpp">
      <Filter>Engine\Core</Filter>
    </ClCompile>
    <ClCompile Include="src\Engine\Core\LayerStack\Editor\EditorLayer.cpp">
      <Filter>Engine\Core\LayerStack\Editor</Filter>
    </ClCompile>
    <ClCompile Include="src\Engine\Core\LayerStack\ImGui\ImGuiLayer.cpp">
      <Filter>Engine\Core\LayerStack\ImGui</Filter>
    </ClCompile>
    <ClCompile Include="src\Engine\Core\LayerStack\LayerStack.cpp">
      <Filter>Engine\Core\LayerStack</Filter>
    </ClCompile>
    <ClCompile Include="src\Engine\Core\Log.cpp">
      <Filter>Engine\Core</Filter>
    </ClCompile>
    <ClCompile Include="src\Engine\Core\Time.cpp">
      <Filter>Engine\Core</Filter>
    </ClCompile>
    <ClCompile Include="src\Platform\OpenGL\OpenGLBuffer.cpp">
      <Filter>Platform\OpenGL</Filter>
    </ClCompile>
    <ClCompile Include="src\Platform\OpenGL\OpenGLRendererAPI.cpp">
      <Filter>Platform\OpenGL</Filter>
    </ClCompile>
    <ClCompile Include="src\Platform\OpenGL\OpenGLVertexArray.cpp">
      <Filter>Platform\OpenGL</Filter>
    </ClCompile>
    <ClCompile Include="src\Platform\OpenGL\Window\Window.cpp">
      <Filter>Platform\OpenGL\Window</Filter>
    </ClCompile>
    <ClCompile Include="src\Platform\OpenGL\Window\WindowsInput.cpp">
      <Filter>Platform\OpenGL\Window</Filter>
    </ClCompile>
    <ClCompile Include="src\Renderer\Buffer.cpp">
      <Filter>Renderer</Filter>
    </ClCompile>
    <ClCompile Include="src\Renderer\Camera.cpp">
      <Filter>Renderer</Filter>
    </ClCompile>
    <ClCompile Include="src\Renderer\CameraController.cpp">
      <Filter>Renderer</Filter>
    </ClCompile>
    <ClCompile Include="src\Renderer\RenderCommand.cpp">
      <Filter>Renderer</Filter>
    </ClCompile>
    <ClCompile Include="src\Renderer\Renderer.cpp">
      <Filter>Renderer</Filter>
    </ClCompile>
    <ClCompile Include="src\Renderer\Renderer2D.cpp">
      <Filter>Renderer</Filter>
    </ClCompile>
    <ClCompile Include="src\Renderer\RendererAPI.cpp">
      <Filter>Renderer</Filter>
    </ClCompile>
    <ClCompile Include="src\Renderer\Shader.cpp">
      <Filter>Renderer</Filter>
    </ClCompile>
    <ClCompile Include="src\Renderer\Texture.cpp">
      <Filter>Renderer</Filter>
    </ClCompile>
    <ClCompile Include="src\Renderer\VertexArray.cpp">
      <Filter>Renderer</Filter>
    </ClCompile>
    <ClCompile Include="src\Scene\Entity.cpp">
      <Filter>Scene</Filter>
    </ClCompile>
    <ClCompile Include="src\Scene\Scene.cpp">
      <Filter>Scene</Filter>
    </ClCompile>
    <ClCompile Include="src\Scene\SceneSerializer.cpp">
      <Filter>Scene</Filter>
    </ClCompile>
    <ClCompile Include="src\Scene\Systems\CollisionSystem.cpp">
      <Filter>Scene\Systems</Filter>
    </ClCompile>
    <ClCompile Include="src\Scene\Systems\DragSystem.cpp">
      <Filter>Scene\Systems</Filter>
    </ClCompile>
    <ClCompile Include="src\Scene\Systems\EnemyAISystem.cpp">
      <Filter>Scene\Systems</Filter>
    </ClCompile>
    <ClCompile Include="src\Scene\Systems\InputSystem.cpp">
      <Filter>Scene\Systems</Filter>
    </ClCompile>
    <ClCompile Include="src\Scene\Systems\MovementSystem.cpp">
      <Filter>Scene\Systems</Filter>
    </ClCompile>
    <ClCompile Include="src\enpch.cpp" />
    <ClCompile Include="src\Platform\OpenGL\OpenGLImGuiLayer.cpp" />
    <ClCompile Include="Dependencies\ImGui\ImGui\imgui.cpp" />
    <ClCompile Include="Dependencies\ImGui\ImGui\imgui_demo.cpp" />
    <ClCompile Include="Dependencies\ImGui\ImGui\imgui_draw.cpp" />
    <ClCompile Include="Dependencies\ImGui\ImGui\imgui_tables.cpp" />
    <ClCompile Include="Dependencies\ImGui\ImGui\imgui_widgets.cpp" />
    <ClCompile Include="Dependencies\ImGui\ImGui\backends\imgui_impl_glfw.cpp" />
    <ClCompile Include="Dependencies\ImGui\ImGui\backends\imgui_impl_opengl3.cpp" />
  </ItemGroup>
  <ItemGroup>
    <None Include="Dependencies\ImGui\ImGui\.editorconfig" />
    <None Include="Dependencies\ImGui\ImGui\.gitattributes" />
    <None Include="Dependencies\ImGui\ImGui\.gitignore" />
  </ItemGroup>
</Project>